
Microsoft Visual Studio Solution File, Format Version 12.00
# Visual Studio Version 17
VisualStudioVersion = 17.3.32825.248
MinimumVisualStudioVersion = 10.0.40219.1
Project("{FAE04EC0-301F-11D3-BF4B-00C04F79EFBC}") = "Armstrong", "Armstrong\Armstrong.csproj", "{A5540548-FDFF-4452-BE6C-182FEDF86D0D}"
EndProject
Global
	GlobalSection(SolutionConfigurationPlatforms) = preSolution
		Debug|Any CPU = Debug|Any CPU
		Release|Any CPU = Release|Any CPU
	EndGlobalSection
	GlobalSection(ProjectConfigurationPlatforms) = postSolution
		{A5540548-FDFF-4452-BE6C-182FEDF86D0D}.Debug|Any CPU.ActiveCfg = Debug|Any CPU
		{A5540548-FDFF-4452-BE6C-182FEDF86D0D}.Debug|Any CPU.Build.0 = Debug|Any CPU
		{A5540548-FDFF-4452-BE6C-182FEDF86D0D}.Release|Any CPU.ActiveCfg = Release|Any CPU
		{A5540548-FDFF-4452-BE6C-182FEDF86D0D}.Release|Any CPU.Build.0 = Release|Any CPU
	EndGlobalSection
	GlobalSection(SolutionProperties) = preSolution
		HideSolutionNode = FALSE
	EndGlobalSection
	GlobalSection(ExtensibilityGlobals) = postSolution
		SolutionGuid = {4AF33FB2-C931-4F77-9C8E-4E5C6824FB4F}
	EndGlobalSection
EndGlobal
